// !$*UTF8*$!
{
	archiveVersion = 1;
	classes = {
	};
	objectVersion = 50;
	objects = {

/* Begin PBXBuildFile section */
		E20D855322ABEFDD0053656A /* Stock.cpp in Sources */ = {isa = PBXBuildFile; fileRef = E20D855122ABEFDD0053656A /* Stock.cpp */; };
		E20D855722ABFDFE0053656A /* Helper.cpp in Sources */ = {isa = PBXBuildFile; fileRef = E20D855422ABFDFD0053656A /* Helper.cpp */; };
		E20D855A22AC06090053656A /* Granary.cpp in Sources */ = {isa = PBXBuildFile; fileRef = E20D855822AC06090053656A /* Granary.cpp */; };
		E20D855D22AC06190053656A /* Armory.cpp in Sources */ = {isa = PBXBuildFile; fileRef = E20D855B22AC06190053656A /* Armory.cpp */; };
		E20D856022AC062C0053656A /* Warehouse.cpp in Sources */ = {isa = PBXBuildFile; fileRef = E20D855E22AC062C0053656A /* Warehouse.cpp */; };
		E216B251229982D200110D98 /* main.cpp in Sources */ = {isa = PBXBuildFile; fileRef = E216B250229982D200110D98 /* main.cpp */; };
		E231937122AC1872008B0F19 /* Miner.cpp in Sources */ = {isa = PBXBuildFile; fileRef = E231936E22AC1872008B0F19 /* Miner.cpp */; };
		E231937222AC1872008B0F19 /* Baker.cpp in Sources */ = {isa = PBXBuildFile; fileRef = E231937022AC1872008B0F19 /* Baker.cpp */; };
		E231937722AC2BE2008B0F19 /* Life.cpp in Sources */ = {isa = PBXBuildFile; fileRef = E231937522AC2BE2008B0F19 /* Life.cpp */; };
		E231937C22ACF313008B0F19 /* Farmer.cpp in Sources */ = {isa = PBXBuildFile; fileRef = E231937922ACF313008B0F19 /* Farmer.cpp */; };
		E231937D22ACF313008B0F19 /* Lumberjack.cpp in Sources */ = {isa = PBXBuildFile; fileRef = E231937A22ACF313008B0F19 /* Lumberjack.cpp */; };
		E231938022ACFA5D008B0F19 /* BowMaker.cpp in Sources */ = {isa = PBXBuildFile; fileRef = E231937E22ACFA5D008B0F19 /* BowMaker.cpp */; };
		E231938322AD04B7008B0F19 /* Recruiter.cpp in Sources */ = {isa = PBXBuildFile; fileRef = E231938122AD04B6008B0F19 /* Recruiter.cpp */; };
		E29227A722ABCA4600391C29 /* Human.cpp in Sources */ = {isa = PBXBuildFile; fileRef = E29227A422ABCA4600391C29 /* Human.cpp */; };
		E29227A822ABCA4600391C29 /* Production.cpp in Sources */ = {isa = PBXBuildFile; fileRef = E29227A522ABCA4600391C29 /* Production.cpp */; };
		E29227AB22ABDAC600391C29 /* Stronghold.cpp in Sources */ = {isa = PBXBuildFile; fileRef = E29227A922ABDAC600391C29 /* Stronghold.cpp */; };
		E2E7180622ADA28D00FCB48F /* Blacksmith.cpp in Sources */ = {isa = PBXBuildFile; fileRef = E2E7180222ADA28C00FCB48F /* Blacksmith.cpp */; };
		E2E7180722ADA28D00FCB48F /* Miller.cpp in Sources */ = {isa = PBXBuildFile; fileRef = E2E7180422ADA28D00FCB48F /* Miller.cpp */; };
/* End PBXBuildFile section */

/* Begin PBXCopyFilesBuildPhase section */
		E216B24B229982D200110D98 /* CopyFiles */ = {
			isa = PBXCopyFilesBuildPhase;
			buildActionMask = 2147483647;
			dstPath = /usr/share/man/man1/;
			dstSubfolderSpec = 0;
			files = (
			);
			runOnlyForDeploymentPostprocessing = 1;
		};
/* End PBXCopyFilesBuildPhase section */

/* Begin PBXFileReference section */
		E20D855122ABEFDD0053656A /* Stock.cpp */ = {isa = PBXFileReference; lastKnownFileType = sourcecode.cpp.cpp; path = Stock.cpp; sourceTree = "<group>"; };
		E20D855222ABEFDD0053656A /* Stock.hpp */ = {isa = PBXFileReference; lastKnownFileType = sourcecode.cpp.h; path = Stock.hpp; sourceTree = "<group>"; };
		E20D855422ABFDFD0053656A /* Helper.cpp */ = {isa = PBXFileReference; fileEncoding = 4; lastKnownFileType = sourcecode.cpp.cpp; path = Helper.cpp; sourceTree = "<group>"; };
		E20D855522ABFDFD0053656A /* Baker.h */ = {isa = PBXFileReference; fileEncoding = 4; lastKnownFileType = sourcecode.c.h; path = Baker.h; sourceTree = "<group>"; };
		E20D855622ABFDFE0053656A /* Helper.h */ = {isa = PBXFileReference; fileEncoding = 4; lastKnownFileType = sourcecode.c.h; path = Helper.h; sourceTree = "<group>"; };
		E20D855822AC06090053656A /* Granary.cpp */ = {isa = PBXFileReference; lastKnownFileType = sourcecode.cpp.cpp; path = Granary.cpp; sourceTree = "<group>"; };
		E20D855922AC06090053656A /* Granary.hpp */ = {isa = PBXFileReference; lastKnownFileType = sourcecode.cpp.h; path = Granary.hpp; sourceTree = "<group>"; };
		E20D855B22AC06190053656A /* Armory.cpp */ = {isa = PBXFileReference; lastKnownFileType = sourcecode.cpp.cpp; path = Armory.cpp; sourceTree = "<group>"; };
		E20D855C22AC06190053656A /* Armory.hpp */ = {isa = PBXFileReference; lastKnownFileType = sourcecode.cpp.h; path = Armory.hpp; sourceTree = "<group>"; };
		E20D855E22AC062C0053656A /* Warehouse.cpp */ = {isa = PBXFileReference; lastKnownFileType = sourcecode.cpp.cpp; path = Warehouse.cpp; sourceTree = "<group>"; };
		E20D855F22AC062C0053656A /* Warehouse.hpp */ = {isa = PBXFileReference; lastKnownFileType = sourcecode.cpp.h; path = Warehouse.hpp; sourceTree = "<group>"; };
		E216B24D229982D200110D98 /* stronghold-threads */ = {isa = PBXFileReference; explicitFileType = "compiled.mach-o.executable"; includeInIndex = 0; path = "stronghold-threads"; sourceTree = BUILT_PRODUCTS_DIR; };
		E216B250229982D200110D98 /* main.cpp */ = {isa = PBXFileReference; lastKnownFileType = sourcecode.cpp.cpp; path = main.cpp; sourceTree = "<group>"; };
		E231936E22AC1872008B0F19 /* Miner.cpp */ = {isa = PBXFileReference; fileEncoding = 4; lastKnownFileType = sourcecode.cpp.cpp; path = Miner.cpp; sourceTree = "<group>"; };
		E231936F22AC1872008B0F19 /* Miner.h */ = {isa = PBXFileReference; fileEncoding = 4; lastKnownFileType = sourcecode.c.h; path = Miner.h; sourceTree = "<group>"; };
		E231937022AC1872008B0F19 /* Baker.cpp */ = {isa = PBXFileReference; fileEncoding = 4; lastKnownFileType = sourcecode.cpp.cpp; path = Baker.cpp; sourceTree = "<group>"; };
		E231937522AC2BE2008B0F19 /* Life.cpp */ = {isa = PBXFileReference; lastKnownFileType = sourcecode.cpp.cpp; path = Life.cpp; sourceTree = "<group>"; };
		E231937622AC2BE2008B0F19 /* Life.hpp */ = {isa = PBXFileReference; lastKnownFileType = sourcecode.cpp.h; path = Life.hpp; sourceTree = "<group>"; };
		E231937822ACF313008B0F19 /* Lumberjack.hpp */ = {isa = PBXFileReference; fileEncoding = 4; lastKnownFileType = sourcecode.cpp.h; path = Lumberjack.hpp; sourceTree = "<group>"; };
		E231937922ACF313008B0F19 /* Farmer.cpp */ = {isa = PBXFileReference; fileEncoding = 4; lastKnownFileType = sourcecode.cpp.cpp; path = Farmer.cpp; sourceTree = "<group>"; };
		E231937A22ACF313008B0F19 /* Lumberjack.cpp */ = {isa = PBXFileReference; fileEncoding = 4; lastKnownFileType = sourcecode.cpp.cpp; path = Lumberjack.cpp; sourceTree = "<group>"; };
		E231937B22ACF313008B0F19 /* Farmer.hpp */ = {isa = PBXFileReference; fileEncoding = 4; lastKnownFileType = sourcecode.cpp.h; path = Farmer.hpp; sourceTree = "<group>"; };
		E231937E22ACFA5D008B0F19 /* BowMaker.cpp */ = {isa = PBXFileReference; lastKnownFileType = sourcecode.cpp.cpp; path = BowMaker.cpp; sourceTree = "<group>"; };
		E231937F22ACFA5D008B0F19 /* BowMaker.hpp */ = {isa = PBXFileReference; lastKnownFileType = sourcecode.cpp.h; path = BowMaker.hpp; sourceTree = "<group>"; };
		E231938122AD04B6008B0F19 /* Recruiter.cpp */ = {isa = PBXFileReference; lastKnownFileType = sourcecode.cpp.cpp; path = Recruiter.cpp; sourceTree = "<group>"; };
		E231938222AD04B6008B0F19 /* Recruiter.hpp */ = {isa = PBXFileReference; lastKnownFileType = sourcecode.cpp.h; path = Recruiter.hpp; sourceTree = "<group>"; };
		E29227A322ABCA4600391C29 /* Human.h */ = {isa = PBXFileReference; fileEncoding = 4; lastKnownFileType = sourcecode.c.h; path = Human.h; sourceTree = "<group>"; };
		E29227A422ABCA4600391C29 /* Human.cpp */ = {isa = PBXFileReference; fileEncoding = 4; lastKnownFileType = sourcecode.cpp.cpp; path = Human.cpp; sourceTree = "<group>"; };
		E29227A522ABCA4600391C29 /* Production.cpp */ = {isa = PBXFileReference; fileEncoding = 4; lastKnownFileType = sourcecode.cpp.cpp; path = Production.cpp; sourceTree = "<group>"; };
		E29227A622ABCA4600391C29 /* Production.h */ = {isa = PBXFileReference; fileEncoding = 4; lastKnownFileType = sourcecode.c.h; path = Production.h; sourceTree = "<group>"; };
		E29227A922ABDAC600391C29 /* Stronghold.cpp */ = {isa = PBXFileReference; lastKnownFileType = sourcecode.cpp.cpp; path = Stronghold.cpp; sourceTree = "<group>"; };
		E29227AA22ABDAC600391C29 /* Stronghold.hpp */ = {isa = PBXFileReference; lastKnownFileType = sourcecode.cpp.h; path = Stronghold.hpp; sourceTree = "<group>"; };
		E2E7180222ADA28C00FCB48F /* Blacksmith.cpp */ = {isa = PBXFileReference; fileEncoding = 4; lastKnownFileType = sourcecode.cpp.cpp; path = Blacksmith.cpp; sourceTree = "<group>"; };
		E2E7180322ADA28D00FCB48F /* Blacksmith.hpp */ = {isa = PBXFileReference; fileEncoding = 4; lastKnownFileType = sourcecode.cpp.h; path = Blacksmith.hpp; sourceTree = "<group>"; };
		E2E7180422ADA28D00FCB48F /* Miller.cpp */ = {isa = PBXFileReference; fileEncoding = 4; lastKnownFileType = sourcecode.cpp.cpp; path = Miller.cpp; sourceTree = "<group>"; };
		E2E7180522ADA28D00FCB48F /* Miller.hpp */ = {isa = PBXFileReference; fileEncoding = 4; lastKnownFileType = sourcecode.cpp.h; path = Miller.hpp; sourceTree = "<group>"; };
/* End PBXFileReference section */

/* Begin PBXFrameworksBuildPhase section */
		E216B24A229982D200110D98 /* Frameworks */ = {
			isa = PBXFrameworksBuildPhase;
			buildActionMask = 2147483647;
			files = (
			);
			runOnlyForDeploymentPostprocessing = 0;
		};
/* End PBXFrameworksBuildPhase section */

/* Begin PBXGroup section */
		E20D856122AC06520053656A /* Stocks */ = {
			isa = PBXGroup;
			children = (
				E20D855122ABEFDD0053656A /* Stock.cpp */,
				E20D855222ABEFDD0053656A /* Stock.hpp */,
				E20D855822AC06090053656A /* Granary.cpp */,
				E20D855922AC06090053656A /* Granary.hpp */,
				E20D855B22AC06190053656A /* Armory.cpp */,
				E20D855C22AC06190053656A /* Armory.hpp */,
				E20D855E22AC062C0053656A /* Warehouse.cpp */,
				E20D855F22AC062C0053656A /* Warehouse.hpp */,
			);
			path = Stocks;
			sourceTree = "<group>";
		};
		E20D856222AC067A0053656A /* Humans */ = {
			isa = PBXGroup;
			children = (
				E29227A422ABCA4600391C29 /* Human.cpp */,
				E29227A322ABCA4600391C29 /* Human.h */,
				E20D855522ABFDFD0053656A /* Baker.h */,
				E231937022AC1872008B0F19 /* Baker.cpp */,
				E231936E22AC1872008B0F19 /* Miner.cpp */,
				E231936F22AC1872008B0F19 /* Miner.h */,
				E231937922ACF313008B0F19 /* Farmer.cpp */,
				E231937B22ACF313008B0F19 /* Farmer.hpp */,
				E231937A22ACF313008B0F19 /* Lumberjack.cpp */,
				E231937822ACF313008B0F19 /* Lumberjack.hpp */,
				E231937E22ACFA5D008B0F19 /* BowMaker.cpp */,
				E231937F22ACFA5D008B0F19 /* BowMaker.hpp */,
				E231938122AD04B6008B0F19 /* Recruiter.cpp */,
				E231938222AD04B6008B0F19 /* Recruiter.hpp */,
				E2E7180222ADA28C00FCB48F /* Blacksmith.cpp */,
				E2E7180322ADA28D00FCB48F /* Blacksmith.hpp */,
				E2E7180422ADA28D00FCB48F /* Miller.cpp */,
				E2E7180522ADA28D00FCB48F /* Miller.hpp */,
			);
			path = Humans;
			sourceTree = "<group>";
		};
		E216B244229982D200110D98 = {
			isa = PBXGroup;
			children = (
				E216B24F229982D200110D98 /* stronghold-threads */,
				E216B24E229982D200110D98 /* Products */,
			);
			sourceTree = "<group>";
		};
		E216B24E229982D200110D98 /* Products */ = {
			isa = PBXGroup;
			children = (
				E216B24D229982D200110D98 /* stronghold-threads */,
			);
			name = Products;
			sourceTree = "<group>";
		};
		E216B24F229982D200110D98 /* stronghold-threads */ = {
			isa = PBXGroup;
			children = (
				E216B250229982D200110D98 /* main.cpp */,
				E29227A522ABCA4600391C29 /* Production.cpp */,
				E29227A622ABCA4600391C29 /* Production.h */,
				E29227A922ABDAC600391C29 /* Stronghold.cpp */,
				E29227AA22ABDAC600391C29 /* Stronghold.hpp */,
				E231937522AC2BE2008B0F19 /* Life.cpp */,
				E231937622AC2BE2008B0F19 /* Life.hpp */,
				E20D855422ABFDFD0053656A /* Helper.cpp */,
				E20D855622ABFDFE0053656A /* Helper.h */,
				E20D856222AC067A0053656A /* Humans */,
				E20D856122AC06520053656A /* Stocks */,
			);
			path = "stronghold-threads";
			sourceTree = "<group>";
		};
/* End PBXGroup section */

/* Begin PBXNativeTarget section */
		E216B24C229982D200110D98 /* stronghold-threads */ = {
			isa = PBXNativeTarget;
			buildConfigurationList = E216B254229982D200110D98 /* Build configuration list for PBXNativeTarget "stronghold-threads" */;
			buildPhases = (
				E216B249229982D200110D98 /* Sources */,
				E216B24A229982D200110D98 /* Frameworks */,
				E216B24B229982D200110D98 /* CopyFiles */,
			);
			buildRules = (
			);
			dependencies = (
			);
			name = "stronghold-threads";
			productName = "stronghold-threads";
			productReference = E216B24D229982D200110D98 /* stronghold-threads */;
			productType = "com.apple.product-type.tool";
		};
/* End PBXNativeTarget section */

/* Begin PBXProject section */
		E216B245229982D200110D98 /* Project object */ = {
			isa = PBXProject;
			attributes = {
				LastUpgradeCheck = 1020;
				ORGANIZATIONNAME = "Krzysztof Kapała";
				TargetAttributes = {
					E216B24C229982D200110D98 = {
						CreatedOnToolsVersion = 10.2;
					};
				};
			};
			buildConfigurationList = E216B248229982D200110D98 /* Build configuration list for PBXProject "stronghold-threads" */;
			compatibilityVersion = "Xcode 9.3";
			developmentRegion = en;
			hasScannedForEncodings = 0;
			knownRegions = (
				en,
			);
			mainGroup = E216B244229982D200110D98;
			productRefGroup = E216B24E229982D200110D98 /* Products */;
			projectDirPath = "";
			projectRoot = "";
			targets = (
				E216B24C229982D200110D98 /* stronghold-threads */,
			);
		};
/* End PBXProject section */

/* Begin PBXSourcesBuildPhase section */
		E216B249229982D200110D98 /* Sources */ = {
			isa = PBXSourcesBuildPhase;
			buildActionMask = 2147483647;
			files = (
				E20D855322ABEFDD0053656A /* Stock.cpp in Sources */,
				E231938022ACFA5D008B0F19 /* BowMaker.cpp in Sources */,
				E231937D22ACF313008B0F19 /* Lumberjack.cpp in Sources */,
				E231938322AD04B7008B0F19 /* Recruiter.cpp in Sources */,
				E29227A822ABCA4600391C29 /* Production.cpp in Sources */,
				E216B251229982D200110D98 /* main.cpp in Sources */,
				E231937222AC1872008B0F19 /* Baker.cpp in Sources */,
				E29227A722ABCA4600391C29 /* Human.cpp in Sources */,
				E29227AB22ABDAC600391C29 /* Stronghold.cpp in Sources */,
				E2E7180622ADA28D00FCB48F /* Blacksmith.cpp in Sources */,
				E231937122AC1872008B0F19 /* Miner.cpp in Sources */,
				E20D855D22AC06190053656A /* Armory.cpp in Sources */,
				E20D855722ABFDFE0053656A /* Helper.cpp in Sources */,
				E231937C22ACF313008B0F19 /* Farmer.cpp in Sources */,
				E231937722AC2BE2008B0F19 /* Life.cpp in Sources */,
				E20D855A22AC06090053656A /* Granary.cpp in Sources */,
				E2E7180722ADA28D00FCB48F /* Miller.cpp in Sources */,
				E20D856022AC062C0053656A /* Warehouse.cpp in Sources */,
			);
			runOnlyForDeploymentPostprocessing = 0;
		};
/* End PBXSourcesBuildPhase section */

/* Begin XCBuildConfiguration section */
		E216B252229982D200110D98 /* Debug */ = {
			isa = XCBuildConfiguration;
			buildSettings = {
				ALWAYS_SEARCH_USER_PATHS = NO;
				CLANG_ANALYZER_NONNULL = YES;
				CLANG_ANALYZER_NUMBER_OBJECT_CONVERSION = YES_AGGRESSIVE;
				CLANG_CXX_LANGUAGE_STANDARD = "gnu++14";
				CLANG_CXX_LIBRARY = "libc++";
				CLANG_ENABLE_MODULES = YES;
				CLANG_ENABLE_OBJC_ARC = YES;
				CLANG_ENABLE_OBJC_WEAK = YES;
				CLANG_WARN_BLOCK_CAPTURE_AUTORELEASING = YES;
				CLANG_WARN_BOOL_CONVERSION = YES;
				CLANG_WARN_COMMA = YES;
				CLANG_WARN_CONSTANT_CONVERSION = YES;
				CLANG_WARN_DEPRECATED_OBJC_IMPLEMENTATIONS = YES;
				CLANG_WARN_DIRECT_OBJC_ISA_USAGE = YES_ERROR;
				CLANG_WARN_DOCUMENTATION_COMMENTS = YES;
				CLANG_WARN_EMPTY_BODY = YES;
				CLANG_WARN_ENUM_CONVERSION = YES;
				CLANG_WARN_INFINITE_RECURSION = YES;
				CLANG_WARN_INT_CONVERSION = YES;
				CLANG_WARN_NON_LITERAL_NULL_CONVERSION = YES;
				CLANG_WARN_OBJC_IMPLICIT_RETAIN_SELF = YES;
				CLANG_WARN_OBJC_LITERAL_CONVERSION = YES;
				CLANG_WARN_OBJC_ROOT_CLASS = YES_ERROR;
				CLANG_WARN_RANGE_LOOP_ANALYSIS = YES;
				CLANG_WARN_STRICT_PROTOTYPES = YES;
				CLANG_WARN_SUSPICIOUS_MOVE = YES;
				CLANG_WARN_UNGUARDED_AVAILABILITY = YES_AGGRESSIVE;
				CLANG_WARN_UNREACHABLE_CODE = YES;
				CLANG_WARN__DUPLICATE_METHOD_MATCH = YES;
				CODE_SIGN_IDENTITY = "Mac Developer";
				COPY_PHASE_STRIP = NO;
				DEBUG_INFORMATION_FORMAT = dwarf;
				ENABLE_STRICT_OBJC_MSGSEND = YES;
				ENABLE_TESTABILITY = YES;
				GCC_C_LANGUAGE_STANDARD = gnu11;
				GCC_DYNAMIC_NO_PIC = NO;
				GCC_NO_COMMON_BLOCKS = YES;
				GCC_OPTIMIZATION_LEVEL = 0;
				GCC_PREPROCESSOR_DEFINITIONS = (
					"DEBUG=1",
					"$(inherited)",
				);
				GCC_WARN_64_TO_32_BIT_CONVERSION = YES;
				GCC_WARN_ABOUT_RETURN_TYPE = YES_ERROR;
				GCC_WARN_UNDECLARED_SELECTOR = YES;
				GCC_WARN_UNINITIALIZED_AUTOS = YES_AGGRESSIVE;
				GCC_WARN_UNUSED_FUNCTION = YES;
				GCC_WARN_UNUSED_VARIABLE = YES;
				MACOSX_DEPLOYMENT_TARGET = 10.14;
				MTL_ENABLE_DEBUG_INFO = INCLUDE_SOURCE;
				MTL_FAST_MATH = YES;
				ONLY_ACTIVE_ARCH = YES;
				SDKROOT = macosx;
			};
			name = Debug;
		};
		E216B253229982D200110D98 /* Release */ = {
			isa = XCBuildConfiguration;
			buildSettings = {
				ALWAYS_SEARCH_USER_PATHS = NO;
				CLANG_ANALYZER_NONNULL = YES;
				CLANG_ANALYZER_NUMBER_OBJECT_CONVERSION = YES_AGGRESSIVE;
				CLANG_CXX_LANGUAGE_STANDARD = "gnu++14";
				CLANG_CXX_LIBRARY = "libc++";
				CLANG_ENABLE_MODULES = YES;
				CLANG_ENABLE_OBJC_ARC = YES;
				CLANG_ENABLE_OBJC_WEAK = YES;
				CLANG_WARN_BLOCK_CAPTURE_AUTORELEASING = YES;
				CLANG_WARN_BOOL_CONVERSION = YES;
				CLANG_WARN_COMMA = YES;
				CLANG_WARN_CONSTANT_CONVERSION = YES;
				CLANG_WARN_DEPRECATED_OBJC_IMPLEMENTATIONS = YES;
				CLANG_WARN_DIRECT_OBJC_ISA_USAGE = YES_ERROR;
				CLANG_WARN_DOCUMENTATION_COMMENTS = YES;
				CLANG_WARN_EMPTY_BODY = YES;
				CLANG_WARN_ENUM_CONVERSION = YES;
				CLANG_WARN_INFINITE_RECURSION = YES;
				CLANG_WARN_INT_CONVERSION = YES;
				CLANG_WARN_NON_LITERAL_NULL_CONVERSION = YES;
				CLANG_WARN_OBJC_IMPLICIT_RETAIN_SELF = YES;
				CLANG_WARN_OBJC_LITERAL_CONVERSION = YES;
				CLANG_WARN_OBJC_ROOT_CLASS = YES_ERROR;
				CLANG_WARN_RANGE_LOOP_ANALYSIS = YES;
				CLANG_WARN_STRICT_PROTOTYPES = YES;
				CLANG_WARN_SUSPICIOUS_MOVE = YES;
				CLANG_WARN_UNGUARDED_AVAILABILITY = YES_AGGRESSIVE;
				CLANG_WARN_UNREACHABLE_CODE = YES;
				CLANG_WARN__DUPLICATE_METHOD_MATCH = YES;
				CODE_SIGN_IDENTITY = "Mac Developer";
				COPY_PHASE_STRIP = NO;
				DEBUG_INFORMATION_FORMAT = "dwarf-with-dsym";
				ENABLE_NS_ASSERTIONS = NO;
				ENABLE_STRICT_OBJC_MSGSEND = YES;
				GCC_C_LANGUAGE_STANDARD = gnu11;
				GCC_NO_COMMON_BLOCKS = YES;
				GCC_WARN_64_TO_32_BIT_CONVERSION = YES;
				GCC_WARN_ABOUT_RETURN_TYPE = YES_ERROR;
				GCC_WARN_UNDECLARED_SELECTOR = YES;
				GCC_WARN_UNINITIALIZED_AUTOS = YES_AGGRESSIVE;
				GCC_WARN_UNUSED_FUNCTION = YES;
				GCC_WARN_UNUSED_VARIABLE = YES;
				MACOSX_DEPLOYMENT_TARGET = 10.14;
				MTL_ENABLE_DEBUG_INFO = NO;
				MTL_FAST_MATH = YES;
				SDKROOT = macosx;
			};
			name = Release;
		};
		E216B255229982D200110D98 /* Debug */ = {
			isa = XCBuildConfiguration;
			buildSettings = {
				CODE_SIGN_STYLE = Automatic;
				DEVELOPMENT_TEAM = W2457BUSA4;
				OTHER_LDFLAGS = "-lncurses";
				PRODUCT_NAME = "$(TARGET_NAME)";
			};
			name = Debug;
		};
		E216B256229982D200110D98 /* Release */ = {
			isa = XCBuildConfiguration;
			buildSettings = {
				CODE_SIGN_STYLE = Automatic;
				DEVELOPMENT_TEAM = W2457BUSA4;
				OTHER_LDFLAGS = "-lncurses";
				PRODUCT_NAME = "$(TARGET_NAME)";
			};
			name = Release;
		};
/* End XCBuildConfiguration section */

/* Begin XCConfigurationList section */
		E216B248229982D200110D98 /* Build configuration list for PBXProject "stronghold-threads" */ = {
			isa = XCConfigurationList;
			buildConfigurations = (
				E216B252229982D200110D98 /* Debug */,
				E216B253229982D200110D98 /* Release */,
			);
			defaultConfigurationIsVisible = 0;
			defaultConfigurationName = Release;
		};
		E216B254229982D200110D98 /* Build configuration list for PBXNativeTarget "stronghold-threads" */ = {
			isa = XCConfigurationList;
			buildConfigurations = (
				E216B255229982D200110D98 /* Debug */,
				E216B256229982D200110D98 /* Release */,
			);
			defaultConfigurationIsVisible = 0;
			defaultConfigurationName = Release;
		};
/* End XCConfigurationList section */
	};
	rootObject = E216B245229982D200110D98 /* Project object */;
}
